{
    "version": "0.5",
    "requires": [
        "zstd/1.5.5#a4398ab5244b10fb081eeac217b5ef9f%1760955096.505",
        "zlib/1.3.2#1cb806da49011867778ffb6ac7190fcb%1777558780.503",
        "xz_utils/5.4.5#cdfcd6d716ed694760a4bf98167a5c42%1769178057.707",
        "vaapi/system#cdcdbc227b2ffe0c7659b6ceef30ee3a%1781079540.027",
        "util-linux-libuuid/2.39.2#1dfa3ed14bda06d72ffda9104262e4a5%1781172625.037",
        "utfcpp/4.0.1#e879ce0ad3e77ff6e04713ada5549655%1722968965.538",
        "tsl-robin-map/1.4.0#5589ce7c75f1036d5dde91b744817cd5%1753346721.037",
        "sqlite3/3.45.2#60f2d3278e7bc12c8ef02ac75119c137%1710251789.831",
        "rapidjson/cci.20230929#8dc0392af2b3aaea7312095f0ba53467%1705070242.903",
        "pybind11/2.13.6#42746850cd4c68d1b1ea42de456c2182%1755673714.548",
        "pugixml/1.14#6b0b93a0676c40e5204decd48fedba68%1782305327.444",
        "openssl/3.6.3#a81313131c78c6414f25b5fe0a83204b%1783446193.901",
        "nlohmann_json/3.12.0#2d634ab0ec8d9f56353e5ccef6d6612c%1744735883.94",
        "nanoarrow/0.7.0#ca9751ce5eaf71ccb47bc38cc90f3940%1769042150.583",
        "mpdecimal/2.5.1#cad87046d76460b8e2fc159194e50e7e%1736849794.064",
        "minizip/1.2.13#64dfec2ee447ab6c0c7eab967815a762%1781620490.148",
        "mcap/2.1.1#d11539f5735a4ba67cdc3192406a4be3%1760475051.009",
        "lz4/1.9.4#a2f02ad3908618757c68d3618256a196%1775037236.076",
        "luau/0.700#c118645a4f0ac4fef5a72e1841dab10d%1763485088.452",
        "linux-headers-generic/6.5.9#8bb12bd2209d60d166c8701444bc80fb%1745484375.189",
        "libxcrypt/4.4.36#4b4e8f20794f1997dd59eeed0b7cdcfb%1696519152.422",
        "libpng/1.6.58#19cb72905ae54f54948401f753faa2c1%1776606503.628",
        "libpciaccess/0.17#8f027f1f793b3db91b1ab0ff99c2202d%1699613954.102",
        "libjpeg-turbo/3.1.4.1#370e53a301a891431549e0fb9b4e183e%1784098619.467",
        "libiconv/1.17#9923bc6dc6f106646d6967e0039a5ada%1774021608.288",
        "libffi/3.4.4#33feb967b22d92ea0becce63bf9d5490%1753360047.497",
        "libdrm/2.4.119#80d8a06284bef51b087a4a019fa1e56f%1738002399.706",
        "libarchive/3.8.7#c446109bd1f1d8ba7936c94189bc50e6%1776147552.838",
        "gtest/1.17.0#5224b3b3ff3b4ce1133cbdd27d53ee7d%1755784855.585",
        "glm/1.0.1#c0f71fade2e9abf19fba94615b2243ae%1781764384.671",
        "fmt/12.1.0#50abab23274d56bb8f42c94b3b9a40c7%1761885265.231",
        "ffmpeg/8.1#1225d69defca2ee5c11713d458c6eeb1%1778001762.697",
        "fast_float/8.1.0#bbf67486bec084d167da0f3e13eee534%1760601631.678",
        "expat/2.8.2#47bed4455ba060e4104dc20d6a448c34%1782406491.478",
        "elfutils/0.190#8e8c47bd9b2578e29a0341b09b977be8%1739188192.515",
        "draco/1.5.7#473961560821865c79deb9fa007e1641%1784010407.075",
        "dav1d/1.5.3#658007af62ab720538f6dc647fb7a66e%1768600216.625",
        "cpython/3.12.7#c6f89b3dd5aeee00561f564c88cdc411%1727855517.341",
        "cloudini/1.2.2#f1d9f24f09cbeafee12d09e9256bfa08%1781013556.404",
        "bzip2/1.0.8#c470882369c2d95c5c77e970c0c7e321%1762886692.465",
        "benchmark/1.9.5#b885dc73ad67b40a55d45684d1c88ad1%1774363287.434",
        "backward-cpp/1.6#2bf34ae4e4b236f8a0ac358b948c189e%1741792762.016",
        "assimp/5.4.3#fcc8f5f0c12efc914decb4759082c84e%1784010412.281"
    ],
    "build_requires": [
        "xorg-macros/1.19.3#c3465b331ce1d044ee771dc5e4529b79%1676900904.25",
        "pkgconf/2.5.1#93c2051284cba1279494a43a4fcfeae2%1757684701.089",
        "pkgconf/2.1.0#21f96520faf7660b99f872e956d2ac13%1755505630.82",
        "pkgconf/2.0.3#c7ba7fd1d7d22534ee070ae60ed79604%1755505633.107",
        "ninja/1.13.2#c8c5dc2a52ed6e4e42a66d75b4717ceb%1764096931.974",
        "nasm/3.01#2bdb6da23c3fb568ef4dab4d90405742%1764770960.36",
        "nasm/2.16.01#31e26f2ee3c4346ecd347911bd126904%1745483323.489",
        "nasm/2.15.05#f7d6a6f3b14f583e001d9ae84e8cd152%1745483325.985",
        "meson/1.10.2#9d2d10681fe7fe61c788c58626c89b25%1775558003.754",
        "m4/1.4.19#34c4bbc3eeebe98ca6edf2f52d602e7d%1777282960.259",
        "libtool/2.4.7#14e7739cc128bc1623d2ed318008e47e%1755679003.847",
        "libiconv/1.17#9923bc6dc6f106646d6967e0039a5ada%1774021608.288",
        "gnu-config/cci.20210814#466e9d4d7779e1c142443f7ea44b4284%1762363589.329",
        "gettext/0.22.5#2f6edba611e8db1a8a18488b116e8c2a%1765299121.036",
        "flex/2.6.4#efa781fc5088b47c895bd4eef6911f2e%1761560242.855",
        "cmake/4.4.0#a5dd5d73bd9fc56b0fc3163a04573dc8%1784051561.926",
        "bison/3.8.2#c3490cbe0078b6fd3eb4cf5ed64144dc%1755688988.644",
        "automake/1.16.5#b91b7c384c3deaa9d535be02da14d04f%1755524470.56",
        "autoconf/2.71#51077f068e61700d65bb05541ea1e4b0%1731054366.86"
    ],
    "python_requires": [],
    "config_requires": []
}
